
Microsoft Visual Studio Solution File, Format Version 12.00
# Visual Studio Version 17
VisualStudioVersion = 17.5.002.0
MinimumVisualStudioVersion = 10.0.40219.1
Project("{9A19103F-16F7-4668-BE54-9A1E7A4F7556}") = "EventManagementApi", "EventManagementApi.csproj", "{67AF8AD4-8B0A-456D-B3C6-6A11A94A77F5}"
EndProject
Global
	GlobalSection(SolutionConfigurationPlatforms) = preSolution
		Debug|Any CPU = Debug|Any CPU
		Release|Any CPU = Release|Any CPU
	EndGlobalSection
	GlobalSection(ProjectConfigurationPlatforms) = postSolution
		{67AF8AD4-8B0A-456D-B3C6-6A11A94A77F5}.Debug|Any CPU.ActiveCfg = Debug|Any CPU
		{67AF8AD4-8B0A-456D-B3C6-6A11A94A77F5}.Debug|Any CPU.Build.0 = Debug|Any CPU
		{67AF8AD4-8B0A-456D-B3C6-6A11A94A77F5}.Release|Any CPU.ActiveCfg = Release|Any CPU
		{67AF8AD4-8B0A-456D-B3C6-6A11A94A77F5}.Release|Any CPU.Build.0 = Release|Any CPU
	EndGlobalSection
	GlobalSection(SolutionProperties) = preSolution
		HideSolutionNode = FALSE
	EndGlobalSection
	GlobalSection(ExtensibilityGlobals) = postSolution
		SolutionGuid = {42CB7A17-7EB1-4542-BD7E-B81ED5764E90}
	EndGlobalSection
EndGlobal
